
Microsoft Visual Studio Solution File, Format Version 12.00
# Visual Studio Version 17
VisualStudioVersion = 17.3.32825.248
MinimumVisualStudioVersion = 10.0.40219.1
Project("{FAE04EC0-301F-11D3-BF4B-00C04F79EFBC}") = "SiembrasCorantioquia", "SiembrasCorantioquia\SiembrasCorantioquia.csproj", "{0181453C-66D0-48DD-8747-8602E0E7F165}"
EndProject
Global
	GlobalSection(SolutionConfigurationPlatforms) = preSolution
		Debug|Any CPU = Debug|Any CPU
		Release|Any CPU = Release|Any CPU
	EndGlobalSection
	GlobalSection(ProjectConfigurationPlatforms) = postSolution
		{0181453C-66D0-48DD-8747-8602E0E7F165}.Debug|Any CPU.ActiveCfg = Debug|Any CPU
		{0181453C-66D0-48DD-8747-8602E0E7F165}.Debug|Any CPU.Build.0 = Debug|Any CPU
		{0181453C-66D0-48DD-8747-8602E0E7F165}.Release|Any CPU.ActiveCfg = Release|Any CPU
		{0181453C-66D0-48DD-8747-8602E0E7F165}.Release|Any CPU.Build.0 = Release|Any CPU
	EndGlobalSection
	GlobalSection(SolutionProperties) = preSolution
		HideSolutionNode = FALSE
	EndGlobalSection
	GlobalSection(ExtensibilityGlobals) = postSolution
		SolutionGuid = {7B32ADF6-6381-4D66-BE5D-A643917FA857}
	EndGlobalSection
EndGlobal
