
Microsoft Visual Studio Solution File, Format Version 12.00
# Visual Studio Version 17
VisualStudioVersion = 17.3.32922.545
MinimumVisualStudioVersion = 10.0.40219.1
Project("{FAE04EC0-301F-11D3-BF4B-00C04F79EFBC}") = "SiembrasMiantioquia_NoSQL_WinForms", "SiembrasMiantioquia_NoSQL_WinForms\SiembrasMiantioquia_NoSQL_WinForms.csproj", "{D6AFCE0B-89B6-4FEB-BE9D-D9B447E5EF41}"
EndProject
Global
	GlobalSection(SolutionConfigurationPlatforms) = preSolution
		Debug|Any CPU = Debug|Any CPU
		Release|Any CPU = Release|Any CPU
	EndGlobalSection
	GlobalSection(ProjectConfigurationPlatforms) = postSolution
		{D6AFCE0B-89B6-4FEB-BE9D-D9B447E5EF41}.Debug|Any CPU.ActiveCfg = Debug|Any CPU
		{D6AFCE0B-89B6-4FEB-BE9D-D9B447E5EF41}.Debug|Any CPU.Build.0 = Debug|Any CPU
		{D6AFCE0B-89B6-4FEB-BE9D-D9B447E5EF41}.Release|Any CPU.ActiveCfg = Release|Any CPU
		{D6AFCE0B-89B6-4FEB-BE9D-D9B447E5EF41}.Release|Any CPU.Build.0 = Release|Any CPU
	EndGlobalSection
	GlobalSection(SolutionProperties) = preSolution
		HideSolutionNode = FALSE
	EndGlobalSection
	GlobalSection(ExtensibilityGlobals) = postSolution
		SolutionGuid = {B48C5187-80A1-46FA-9EDD-8DB51A0F3631}
	EndGlobalSection
EndGlobal
