
Microsoft Visual Studio Solution File, Format Version 12.00
# Visual Studio Version 17
VisualStudioVersion = 17.3.32922.545
MinimumVisualStudioVersion = 10.0.40219.1
Project("{FAE04EC0-301F-11D3-BF4B-00C04F79EFBC}") = "SiembrasMiantioquia_WinForms", "SiembrasMiantioquia_WinForms\SiembrasMiantioquia_WinForms.csproj", "{C6755B1C-4FDF-4F2F-810A-AB40395D6E98}"
EndProject
Global
	GlobalSection(SolutionConfigurationPlatforms) = preSolution
		Debug|Any CPU = Debug|Any CPU
		Release|Any CPU = Release|Any CPU
	EndGlobalSection
	GlobalSection(ProjectConfigurationPlatforms) = postSolution
		{C6755B1C-4FDF-4F2F-810A-AB40395D6E98}.Debug|Any CPU.ActiveCfg = Debug|Any CPU
		{C6755B1C-4FDF-4F2F-810A-AB40395D6E98}.Debug|Any CPU.Build.0 = Debug|Any CPU
		{C6755B1C-4FDF-4F2F-810A-AB40395D6E98}.Release|Any CPU.ActiveCfg = Release|Any CPU
		{C6755B1C-4FDF-4F2F-810A-AB40395D6E98}.Release|Any CPU.Build.0 = Release|Any CPU
	EndGlobalSection
	GlobalSection(SolutionProperties) = preSolution
		HideSolutionNode = FALSE
	EndGlobalSection
	GlobalSection(ExtensibilityGlobals) = postSolution
		SolutionGuid = {81197A6B-E9DA-40B5-94BC-01AAEF036903}
	EndGlobalSection
EndGlobal
